
Microsoft Visual Studio Solution File, Format Version 12.00
# Visual Studio 15
VisualStudioVersion = 15.0.26124.0
MinimumVisualStudioVersion = 15.0.26124.0
Project("{FAE04EC0-301F-11D3-BF4B-00C04F79EFBC}") = "Common.NetCore", "Common\Common.NetCore.csproj", "{DE1E325C-2FBC-40E6-B1D8-9AA4DF0E9590}"
EndProject
Project("{FAE04EC0-301F-11D3-BF4B-00C04F79EFBC}") = "Lighthouse.NetCoreApp", "Lighthouse.NetCoreApp\Lighthouse.NetCoreApp.csproj", "{850AB74B-629B-4BFC-A7A9-AD4587B8843B}"
EndProject
Project("{FAE04EC0-301F-11D3-BF4B-00C04F79EFBC}") = "TestAgent.NetCore", "TestAgent\TestAgent.NetCore.csproj", "{DB78EB0E-C038-4ED6-B0CE-804940F40D1A}"
EndProject
Project("{FAE04EC0-301F-11D3-BF4B-00C04F79EFBC}") = "TestCoordinator.NetCore", "TestCoordinator\TestCoordinator.NetCore.csproj", "{84ADB760-B5F6-44F4-9ABB-8E96EE5AA2C7}"
EndProject
Project("{FAE04EC0-301F-11D3-BF4B-00C04F79EFBC}") = "TestReporter.NetCore", "TestReporter\TestReporter.NetCore.csproj", "{AE887B59-5ADC-44D6-AB7E-7F2427B86F5A}"
EndProject
Project("{FAE04EC0-301F-11D3-BF4B-00C04F79EFBC}") = "WebApi.NetCore", "WebApi.NetCore\WebApi.NetCore.csproj", "{9A4F359D-63D0-49FD-9171-22A6E137695B}"
EndProject
Global
	GlobalSection(SolutionConfigurationPlatforms) = preSolution
		Debug|Any CPU = Debug|Any CPU
		Debug|x64 = Debug|x64
		Debug|x86 = Debug|x86
		Release|Any CPU = Release|Any CPU
		Release|x64 = Release|x64
		Release|x86 = Release|x86
	EndGlobalSection
	GlobalSection(SolutionProperties) = preSolution
		HideSolutionNode = FALSE
	EndGlobalSection
	GlobalSection(ProjectConfigurationPlatforms) = postSolution
		{DE1E325C-2FBC-40E6-B1D8-9AA4DF0E9590}.Debug|Any CPU.ActiveCfg = Debug|Any CPU
		{DE1E325C-2FBC-40E6-B1D8-9AA4DF0E9590}.Debug|Any CPU.Build.0 = Debug|Any CPU
		{DE1E325C-2FBC-40E6-B1D8-9AA4DF0E9590}.Debug|x64.ActiveCfg = Debug|x64
		{DE1E325C-2FBC-40E6-B1D8-9AA4DF0E9590}.Debug|x64.Build.0 = Debug|x64
		{DE1E325C-2FBC-40E6-B1D8-9AA4DF0E9590}.Debug|x86.ActiveCfg = Debug|x86
		{DE1E325C-2FBC-40E6-B1D8-9AA4DF0E9590}.Debug|x86.Build.0 = Debug|x86
		{DE1E325C-2FBC-40E6-B1D8-9AA4DF0E9590}.Release|Any CPU.ActiveCfg = Release|Any CPU
		{DE1E325C-2FBC-40E6-B1D8-9AA4DF0E9590}.Release|Any CPU.Build.0 = Release|Any CPU
		{DE1E325C-2FBC-40E6-B1D8-9AA4DF0E9590}.Release|x64.ActiveCfg = Release|x64
		{DE1E325C-2FBC-40E6-B1D8-9AA4DF0E9590}.Release|x64.Build.0 = Release|x64
		{DE1E325C-2FBC-40E6-B1D8-9AA4DF0E9590}.Release|x86.ActiveCfg = Release|x86
		{DE1E325C-2FBC-40E6-B1D8-9AA4DF0E9590}.Release|x86.Build.0 = Release|x86
		{850AB74B-629B-4BFC-A7A9-AD4587B8843B}.Debug|Any CPU.ActiveCfg = Debug|Any CPU
		{850AB74B-629B-4BFC-A7A9-AD4587B8843B}.Debug|Any CPU.Build.0 = Debug|Any CPU
		{850AB74B-629B-4BFC-A7A9-AD4587B8843B}.Debug|x64.ActiveCfg = Debug|x64
		{850AB74B-629B-4BFC-A7A9-AD4587B8843B}.Debug|x64.Build.0 = Debug|x64
		{850AB74B-629B-4BFC-A7A9-AD4587B8843B}.Debug|x86.ActiveCfg = Debug|x86
		{850AB74B-629B-4BFC-A7A9-AD4587B8843B}.Debug|x86.Build.0 = Debug|x86
		{850AB74B-629B-4BFC-A7A9-AD4587B8843B}.Release|Any CPU.ActiveCfg = Release|Any CPU
		{850AB74B-629B-4BFC-A7A9-AD4587B8843B}.Release|Any CPU.Build.0 = Release|Any CPU
		{850AB74B-629B-4BFC-A7A9-AD4587B8843B}.Release|x64.ActiveCfg = Release|x64
		{850AB74B-629B-4BFC-A7A9-AD4587B8843B}.Release|x64.Build.0 = Release|x64
		{850AB74B-629B-4BFC-A7A9-AD4587B8843B}.Release|x86.ActiveCfg = Release|x86
		{850AB74B-629B-4BFC-A7A9-AD4587B8843B}.Release|x86.Build.0 = Release|x86
		{DB78EB0E-C038-4ED6-B0CE-804940F40D1A}.Debug|Any CPU.ActiveCfg = Debug|Any CPU
		{DB78EB0E-C038-4ED6-B0CE-804940F40D1A}.Debug|Any CPU.Build.0 = Debug|Any CPU
		{DB78EB0E-C038-4ED6-B0CE-804940F40D1A}.Debug|x64.ActiveCfg = Debug|x64
		{DB78EB0E-C038-4ED6-B0CE-804940F40D1A}.Debug|x64.Build.0 = Debug|x64
		{DB78EB0E-C038-4ED6-B0CE-804940F40D1A}.Debug|x86.ActiveCfg = Debug|x86
		{DB78EB0E-C038-4ED6-B0CE-804940F40D1A}.Debug|x86.Build.0 = Debug|x86
		{DB78EB0E-C038-4ED6-B0CE-804940F40D1A}.Release|Any CPU.ActiveCfg = Release|Any CPU
		{DB78EB0E-C038-4ED6-B0CE-804940F40D1A}.Release|Any CPU.Build.0 = Release|Any CPU
		{DB78EB0E-C038-4ED6-B0CE-804940F40D1A}.Release|x64.ActiveCfg = Release|x64
		{DB78EB0E-C038-4ED6-B0CE-804940F40D1A}.Release|x64.Build.0 = Release|x64
		{DB78EB0E-C038-4ED6-B0CE-804940F40D1A}.Release|x86.ActiveCfg = Release|x86
		{DB78EB0E-C038-4ED6-B0CE-804940F40D1A}.Release|x86.Build.0 = Release|x86
		{84ADB760-B5F6-44F4-9ABB-8E96EE5AA2C7}.Debug|Any CPU.ActiveCfg = Debug|Any CPU
		{84ADB760-B5F6-44F4-9ABB-8E96EE5AA2C7}.Debug|Any CPU.Build.0 = Debug|Any CPU
		{84ADB760-B5F6-44F4-9ABB-8E96EE5AA2C7}.Debug|x64.ActiveCfg = Debug|x64
		{84ADB760-B5F6-44F4-9ABB-8E96EE5AA2C7}.Debug|x64.Build.0 = Debug|x64
		{84ADB760-B5F6-44F4-9ABB-8E96EE5AA2C7}.Debug|x86.ActiveCfg = Debug|x86
		{84ADB760-B5F6-44F4-9ABB-8E96EE5AA2C7}.Debug|x86.Build.0 = Debug|x86
		{84ADB760-B5F6-44F4-9ABB-8E96EE5AA2C7}.Release|Any CPU.ActiveCfg = Release|Any CPU
		{84ADB760-B5F6-44F4-9ABB-8E96EE5AA2C7}.Release|Any CPU.Build.0 = Release|Any CPU
		{84ADB760-B5F6-44F4-9ABB-8E96EE5AA2C7}.Release|x64.ActiveCfg = Release|x64
		{84ADB760-B5F6-44F4-9ABB-8E96EE5AA2C7}.Release|x64.Build.0 = Release|x64
		{84ADB760-B5F6-44F4-9ABB-8E96EE5AA2C7}.Release|x86.ActiveCfg = Release|x86
		{84ADB760-B5F6-44F4-9ABB-8E96EE5AA2C7}.Release|x86.Build.0 = Release|x86
		{AE887B59-5ADC-44D6-AB7E-7F2427B86F5A}.Debug|Any CPU.ActiveCfg = Debug|Any CPU
		{AE887B59-5ADC-44D6-AB7E-7F2427B86F5A}.Debug|Any CPU.Build.0 = Debug|Any CPU
		{AE887B59-5ADC-44D6-AB7E-7F2427B86F5A}.Debug|x64.ActiveCfg = Debug|x64
		{AE887B59-5ADC-44D6-AB7E-7F2427B86F5A}.Debug|x64.Build.0 = Debug|x64
		{AE887B59-5ADC-44D6-AB7E-7F2427B86F5A}.Debug|x86.ActiveCfg = Debug|x86
		{AE887B59-5ADC-44D6-AB7E-7F2427B86F5A}.Debug|x86.Build.0 = Debug|x86
		{AE887B59-5ADC-44D6-AB7E-7F2427B86F5A}.Release|Any CPU.ActiveCfg = Release|Any CPU
		{AE887B59-5ADC-44D6-AB7E-7F2427B86F5A}.Release|Any CPU.Build.0 = Release|Any CPU
		{AE887B59-5ADC-44D6-AB7E-7F2427B86F5A}.Release|x64.ActiveCfg = Release|x64
		{AE887B59-5ADC-44D6-AB7E-7F2427B86F5A}.Release|x64.Build.0 = Release|x64
		{AE887B59-5ADC-44D6-AB7E-7F2427B86F5A}.Release|x86.ActiveCfg = Release|x86
		{AE887B59-5ADC-44D6-AB7E-7F2427B86F5A}.Release|x86.Build.0 = Release|x86
		{9A4F359D-63D0-49FD-9171-22A6E137695B}.Debug|Any CPU.ActiveCfg = Debug|Any CPU
		{9A4F359D-63D0-49FD-9171-22A6E137695B}.Debug|Any CPU.Build.0 = Debug|Any CPU
		{9A4F359D-63D0-49FD-9171-22A6E137695B}.Debug|x64.ActiveCfg = Debug|x64
		{9A4F359D-63D0-49FD-9171-22A6E137695B}.Debug|x64.Build.0 = Debug|x64
		{9A4F359D-63D0-49FD-9171-22A6E137695B}.Debug|x86.ActiveCfg = Debug|x86
		{9A4F359D-63D0-49FD-9171-22A6E137695B}.Debug|x86.Build.0 = Debug|x86
		{9A4F359D-63D0-49FD-9171-22A6E137695B}.Release|Any CPU.ActiveCfg = Release|Any CPU
		{9A4F359D-63D0-49FD-9171-22A6E137695B}.Release|Any CPU.Build.0 = Release|Any CPU
		{9A4F359D-63D0-49FD-9171-22A6E137695B}.Release|x64.ActiveCfg = Release|x64
		{9A4F359D-63D0-49FD-9171-22A6E137695B}.Release|x64.Build.0 = Release|x64
		{9A4F359D-63D0-49FD-9171-22A6E137695B}.Release|x86.ActiveCfg = Release|x86
		{9A4F359D-63D0-49FD-9171-22A6E137695B}.Release|x86.Build.0 = Release|x86
	EndGlobalSection
EndGlobal
